
Microsoft Visual Studio Solution File, Format Version 12.00
# Visual Studio Version 16
VisualStudioVersion = 16.0.31515.178
MinimumVisualStudioVersion = 10.0.40219.1
Project("{FAE04EC0-301F-11D3-BF4B-00C04F79EFBC}") = "dataread", "dataread.csproj", "{4EFF7D90-2D3E-4986-9569-8B641FFB362C}"
EndProject
Global
	GlobalSection(SolutionConfigurationPlatforms) = preSolution
		Debug|Any CPU = Debug|Any CPU
		Release|Any CPU = Release|Any CPU
	EndGlobalSection
	GlobalSection(ProjectConfigurationPlatforms) = postSolution
		{4EFF7D90-2D3E-4986-9569-8B641FFB362C}.Debug|Any CPU.ActiveCfg = Debug|Any CPU
		{4EFF7D90-2D3E-4986-9569-8B641FFB362C}.Debug|Any CPU.Build.0 = Debug|Any CPU
		{4EFF7D90-2D3E-4986-9569-8B641FFB362C}.Release|Any CPU.ActiveCfg = Release|Any CPU
		{4EFF7D90-2D3E-4986-9569-8B641FFB362C}.Release|Any CPU.Build.0 = Release|Any CPU
	EndGlobalSection
	GlobalSection(SolutionProperties) = preSolution
		HideSolutionNode = FALSE
	EndGlobalSection
	GlobalSection(ExtensibilityGlobals) = postSolution
		SolutionGuid = {CB01F4B5-A145-4A54-9B60-A5C154204B66}
	EndGlobalSection
EndGlobal
